
Microsoft Visual Studio Solution File, Format Version 12.00
# Visual Studio Version 16
VisualStudioVersion = 16.0.29709.97
MinimumVisualStudioVersion = 10.0.40219.1
Project("{FAE04EC0-301F-11D3-BF4B-00C04F79EFBC}") = "EAAutoFrameWork", "EAAutoFrameWork\EAAutoFrameWork.csproj", "{B9F088D8-D115-4E5C-992D-8CE6DA6B5A91}"
EndProject
Project("{FAE04EC0-301F-11D3-BF4B-00C04F79EFBC}") = "EAEmployeeTest", "EAEmployeeTest\EAEmployeeTest.csproj", "{06929910-48D2-4A0A-B412-6E9893EA54CC}"
EndProject
Global
	GlobalSection(SolutionConfigurationPlatforms) = preSolution
		Debug|Any CPU = Debug|Any CPU
		Release|Any CPU = Release|Any CPU
	EndGlobalSection
	GlobalSection(ProjectConfigurationPlatforms) = postSolution
		{B9F088D8-D115-4E5C-992D-8CE6DA6B5A91}.Debug|Any CPU.ActiveCfg = Debug|Any CPU
		{B9F088D8-D115-4E5C-992D-8CE6DA6B5A91}.Debug|Any CPU.Build.0 = Debug|Any CPU
		{B9F088D8-D115-4E5C-992D-8CE6DA6B5A91}.Release|Any CPU.ActiveCfg = Release|Any CPU
		{B9F088D8-D115-4E5C-992D-8CE6DA6B5A91}.Release|Any CPU.Build.0 = Release|Any CPU
		{06929910-48D2-4A0A-B412-6E9893EA54CC}.Debug|Any CPU.ActiveCfg = Debug|Any CPU
		{06929910-48D2-4A0A-B412-6E9893EA54CC}.Debug|Any CPU.Build.0 = Debug|Any CPU
		{06929910-48D2-4A0A-B412-6E9893EA54CC}.Release|Any CPU.ActiveCfg = Release|Any CPU
		{06929910-48D2-4A0A-B412-6E9893EA54CC}.Release|Any CPU.Build.0 = Release|Any CPU
	EndGlobalSection
	GlobalSection(SolutionProperties) = preSolution
		HideSolutionNode = FALSE
	EndGlobalSection
	GlobalSection(ExtensibilityGlobals) = postSolution
		SolutionGuid = {E9D7DD16-B216-45D9-AE9D-461088BD3290}
	EndGlobalSection
EndGlobal
